
Microsoft Visual Studio Solution File, Format Version 12.00
# Visual Studio 2012
Project("{E24C65DC-7377-472B-9ABA-BC803B73C61A}") = "Scrubs", ".", "{EB3E16B6-63D1-4F58-B390-97987CB9E4D1}"
	ProjectSection(WebsiteProperties) = preProject
		TargetFrameworkMoniker = ".NETFramework,Version%3Dv4.5"
		Debug.AspNetCompiler.VirtualPath = "/Scrubs"
		Debug.AspNetCompiler.PhysicalPath = "M:\4th_sem\Comp_253\Scrubs\"
		Debug.AspNetCompiler.TargetPath = "PrecompiledWeb\Scrubs\"
		Debug.AspNetCompiler.Updateable = "true"
		Debug.AspNetCompiler.ForceOverwrite = "true"
		Debug.AspNetCompiler.FixedNames = "false"
		Debug.AspNetCompiler.Debug = "True"
		Release.AspNetCompiler.VirtualPath = "/Scrubs"
		Release.AspNetCompiler.PhysicalPath = "M:\4th_sem\Comp_253\Scrubs\"
		Release.AspNetCompiler.TargetPath = "PrecompiledWeb\Scrubs\"
		Release.AspNetCompiler.Updateable = "true"
		Release.AspNetCompiler.ForceOverwrite = "true"
		Release.AspNetCompiler.FixedNames = "false"
		Release.AspNetCompiler.Debug = "False"
		VWDPort = "52110"
	EndProjectSection
EndProject
Project("{FAE04EC0-301F-11D3-BF4B-00C04F79EFBC}") = "DataLayer", "DataLayer\DataLayer.csproj", "{F5D1F46E-DE7F-472C-9D04-722F52E5A6B8}"
EndProject
Global
	GlobalSection(SolutionConfigurationPlatforms) = preSolution
		Debug|Any CPU = Debug|Any CPU
		Release|Any CPU = Release|Any CPU
	EndGlobalSection
	GlobalSection(ProjectConfigurationPlatforms) = postSolution
		{EB3E16B6-63D1-4F58-B390-97987CB9E4D1}.Debug|Any CPU.ActiveCfg = Debug|Any CPU
		{EB3E16B6-63D1-4F58-B390-97987CB9E4D1}.Debug|Any CPU.Build.0 = Debug|Any CPU
		{EB3E16B6-63D1-4F58-B390-97987CB9E4D1}.Release|Any CPU.ActiveCfg = Debug|Any CPU
		{EB3E16B6-63D1-4F58-B390-97987CB9E4D1}.Release|Any CPU.Build.0 = Debug|Any CPU
		{F5D1F46E-DE7F-472C-9D04-722F52E5A6B8}.Debug|Any CPU.ActiveCfg = Debug|Any CPU
		{F5D1F46E-DE7F-472C-9D04-722F52E5A6B8}.Debug|Any CPU.Build.0 = Debug|Any CPU
		{F5D1F46E-DE7F-472C-9D04-722F52E5A6B8}.Release|Any CPU.ActiveCfg = Release|Any CPU
		{F5D1F46E-DE7F-472C-9D04-722F52E5A6B8}.Release|Any CPU.Build.0 = Release|Any CPU
	EndGlobalSection
	GlobalSection(SolutionProperties) = preSolution
		HideSolutionNode = FALSE
	EndGlobalSection
EndGlobal
